
Microsoft Visual Studio Solution File, Format Version 12.00
# Visual Studio Express 2012 for Web
Project("{FAE04EC0-301F-11D3-BF4B-00C04F79EFBC}") = "ASP.NET_MVC追加機能", "ASP.NET_MVC書類申請\ASP.NET_MVC追加機能.csproj", "{938C2727-331B-49E0-9ADB-3584B1A0FB11}"
EndProject
Global
	GlobalSection(SolutionConfigurationPlatforms) = preSolution
		Debug|Any CPU = Debug|Any CPU
		Release|Any CPU = Release|Any CPU
	EndGlobalSection
	GlobalSection(ProjectConfigurationPlatforms) = postSolution
		{938C2727-331B-49E0-9ADB-3584B1A0FB11}.Debug|Any CPU.ActiveCfg = Debug|Any CPU
		{938C2727-331B-49E0-9ADB-3584B1A0FB11}.Debug|Any CPU.Build.0 = Debug|Any CPU
		{938C2727-331B-49E0-9ADB-3584B1A0FB11}.Release|Any CPU.ActiveCfg = Release|Any CPU
		{938C2727-331B-49E0-9ADB-3584B1A0FB11}.Release|Any CPU.Build.0 = Release|Any CPU
	EndGlobalSection
	GlobalSection(SolutionProperties) = preSolution
		HideSolutionNode = FALSE
	EndGlobalSection
EndGlobal
